# This file is automatically @generated by Cargo.
# It is not intended for manual editing.
version = 4

[[package]]
name = "ahash"
version = "0.7.8"
source = "registry+https://github.com/rust-lang/crates.io-index"
checksum = "891477e0c6a8957309ee5c45a6368af3ae14bb510732d2684ffa19af310920f9"
dependencies = [
 "getrandom",
 "once_cell",
 "version_check",
]

[[package]]
name = "ahash"
version = "0.8.12"
source = "registry+https://github.com/rust-lang/crates.io-index"
checksum = "5a15f179cd60c4584b8a8c596927aadc462e27f2ca70c04e0071964a73ba7a75"
dependencies = [
 "cfg-if",
 "once_cell",
 "version_check",
 "zerocopy",
]

[[package]]
name = "allocator-api2"
version = "0.2.21"
source = "registry+https://github.com/rust-lang/crates.io-index"
checksum = "683d7910e743518b0e34f1186f92494becacb047c7b6bf616c96772180fef923"

[[package]]
name = "anyhow"
version = "1.0.104"
source = "registry+https://github.com/rust-lang/crates.io-index"
checksum = "330a5ed07fa54e4702c9d6c4174f74427fc0ef6e214bbd677ae50a5099946470"

[[package]]
name = "ark-bls12-381"
version = "0.4.0"
source = "registry+https://github.com/rust-lang/crates.io-index"
checksum = "c775f0d12169cba7aae4caeb547bb6a50781c7449a8aa53793827c9ec4abf488"
dependencies = [
 "ark-ec",
 "ark-ff",
 "ark-serialize",
 "ark-std",
]

[[package]]
name = "ark-ec"
version = "0.4.2"
source = "registry+https://github.com/rust-lang/crates.io-index"
checksum = "defd9a439d56ac24968cca0571f598a61bc8c55f71d50a89cda591cb750670ba"
dependencies = [
 "ark-ff",
 "ark-poly",
 "ark-serialize",
 "ark-std",
 "derivative",
 "hashbrown 0.13.2",
 "itertools 0.10.5",
 "num-traits",
 "rayon",
 "zeroize",
]

[[package]]
name = "ark-ff"
version = "0.4.2"
source = "registry+https://github.com/rust-lang/crates.io-index"
checksum = "ec847af850f44ad29048935519032c33da8aa03340876d351dfab5660d2966ba"
dependencies = [
 "ark-ff-asm",
 "ark-ff-macros",
 "ark-serialize",
 "ark-std",
 "derivative",
 "digest 0.10.7",
 "itertools 0.10.5",
 "num-bigint",
 "num-traits",
 "paste",
 "rayon",
 "rustc_version",
 "zeroize",
]

[[package]]
name = "ark-ff-asm"
version = "0.4.2"
source = "registry+https://github.com/rust-lang/crates.io-index"
checksum = "3ed4aa4fe255d0bc6d79373f7e31d2ea147bcf486cba1be5ba7ea85abdb92348"
dependencies = [
 "quote",
 "syn 1.0.109",
]

[[package]]
name = "ark-ff-macros"
version = "0.4.2"
source = "registry+https://github.com/rust-lang/crates.io-index"
checksum = "7abe79b0e4288889c4574159ab790824d0033b9fdcb2a112a3182fac2e514565"
dependencies = [
 "num-bigint",
 "num-traits",
 "proc-macro2",
 "quote",
 "syn 1.0.109",
]

[[package]]
name = "ark-poly"
version = "0.4.2"
source = "registry+https://github.com/rust-lang/crates.io-index"
checksum = "d320bfc44ee185d899ccbadfa8bc31aab923ce1558716e1997a1e74057fe86bf"
dependencies = [
 "ark-ff",
 "ark-serialize",
 "ark-std",
 "derivative",
 "hashbrown 0.13.2",
]

[[package]]
name = "ark-serialize"
version = "0.4.2"
source = "registry+https://github.com/rust-lang/crates.io-index"
checksum = "adb7b85a02b83d2f22f89bd5cac66c9c89474240cb6207cb1efc16d098e822a5"
dependencies = [
 "ark-serialize-derive",
 "ark-std",
 "digest 0.10.7",
 "num-bigint",
]

[[package]]
name = "ark-serialize-derive"
version = "0.4.2"
source = "registry+https://github.com/rust-lang/crates.io-index"
checksum = "ae3281bc6d0fd7e549af32b52511e1302185bd688fd3359fa36423346ff682ea"
dependencies = [
 "proc-macro2",
 "quote",
 "syn 1.0.109",
]

[[package]]
name = "ark-std"
version = "0.4.0"
source = "registry+https://github.com/rust-lang/crates.io-index"
checksum = "94893f1e0c6eeab764ade8dc4c0db24caf4fe7cbbaafc0eba0a9030f447b5185"
dependencies = [
 "num-traits",
 "rand",
 "rayon",
]

[[package]]
name = "asset"
version = "0.1.0"
dependencies = [
 "cosmwasm-schema 2.3.4",
 "cosmwasm-std 2.3.4",
 "cw-storage-plus 2.0.0",
 "cw2 2.0.0",
 "cw721 0.20.0",
 "schemars",
 "serde",
 "thiserror 1.0.69",
]

[[package]]
name = "autocfg"
version = "1.5.1"
source = "registry+https://github.com/rust-lang/crates.io-index"
checksum = "f2032f911046de80f0a198e0901378627c33f59ea0ac00e363d481118bd70a53"

[[package]]
name = "base16ct"
version = "0.2.0"
source = "registry+https://github.com/rust-lang/crates.io-index"
checksum = "4c7f02d4ea65f2c1853089ffd8d2787bdbc63de2f0d29dedbcf8ccdfa0ccd4cf"

[[package]]
name = "base64"
version = "0.21.7"
source = "registry+https://github.com/rust-lang/crates.io-index"
checksum = "9d297deb1925b89f2ccc13d7635fa0714f12c87adce1c75356b39ca9b7178567"

[[package]]
name = "base64"
version = "0.22.1"
source = "registry+https://github.com/rust-lang/crates.io-index"
checksum = "72b3254f16251a8381aa12e40e3c4d2f0199f8c6508fbecb9d91f575e0fbb8c6"

[[package]]
name = "base64ct"
version = "1.8.3"
source = "registry+https://github.com/rust-lang/crates.io-index"
checksum = "2af50177e190e07a26ab74f8b1efbfe2ef87da2116221318cb1c2e82baf7de06"

[[package]]
name = "bech32"
version = "0.9.1"
source = "registry+https://github.com/rust-lang/crates.io-index"
checksum = "d86b93f97252c47b41663388e6d155714a9d0c398b99f1005cbc5f978b29f445"

[[package]]
name = "bech32"
version = "0.11.1"
source = "registry+https://github.com/rust-lang/crates.io-index"
checksum = "32637268377fc7b10a8c6d51de3e7fba1ce5dd371a96e342b34e6078db558e7f"

[[package]]
name = "blake2"
version = "0.10.6"
source = "registry+https://github.com/rust-lang/crates.io-index"
checksum = "46502ad458c9a52b69d4d4d32775c788b7a1b85e8bc9d482d92250fc0e3f8efe"
dependencies = [
 "digest 0.10.7",
]

[[package]]
name = "block-buffer"
version = "0.9.0"
source = "registry+https://github.com/rust-lang/crates.io-index"
checksum = "4152116fd6e9dadb291ae18fc1ec3575ed6d84c29642d97890f4b4a3417297e4"
dependencies = [
 "generic-array",
]

[[package]]
name = "block-buffer"
version = "0.10.4"
source = "registry+https://github.com/rust-lang/crates.io-index"
checksum = "3078c7629b62d3f0439517fa394996acacc5cbc91c5a20d8c658e77abd503a71"
dependencies = [
 "generic-array",
]

[[package]]
name = "bnum"
version = "0.10.0"
source = "registry+https://github.com/rust-lang/crates.io-index"
checksum = "56953345e39537a3e18bdaeba4cb0c58a78c1f61f361dc0fa7c5c7340ae87c5f"

[[package]]
name = "bnum"
version = "0.11.0"
source = "registry+https://github.com/rust-lang/crates.io-index"
checksum = "3e31ea183f6ee62ac8b8a8cf7feddd766317adfb13ff469de57ce033efd6a790"

[[package]]
name = "byteorder"
version = "1.5.0"
source = "registry+https://github.com/rust-lang/crates.io-index"
checksum = "1fd0f2584146f6f2ef48085050886acf353beff7305ebd1ae69500e27c67f64b"

[[package]]
name = "bytes"
version = "1.12.1"
source = "registry+https://github.com/rust-lang/crates.io-index"
checksum = "fc652a48c352aef3ea3aed32080501cf3ef6ed5da78602a020c991775b0aff04"

[[package]]
name = "cfg-if"
version = "1.0.4"
source = "registry+https://github.com/rust-lang/crates.io-index"
checksum = "9330f8b2ff13f34540b44e946ef35111825727b38d33286ef986142615121801"

[[package]]
name = "const-oid"
version = "0.9.6"
source = "registry+https://github.com/rust-lang/crates.io-index"
checksum = "c2459377285ad874054d797f3ccebf984978aa39129f6eafde5cdc8315b612f8"

[[package]]
name = "cosmwasm-core"
version = "2.3.4"
source = "registry+https://github.com/rust-lang/crates.io-index"
checksum = "9899c6499b006d10e5dc64052e642d365f239ba00339615e2714c50c6aa86389"

[[package]]
name = "cosmwasm-crypto"
version = "1.5.11"
source = "registry+https://github.com/rust-lang/crates.io-index"
checksum = "a9c82e56962f0f18c9a292aa59940e03a82ce15ef79b93679d5838bb8143f0df"
dependencies = [
 "digest 0.10.7",
 "ed25519-zebra 3.1.0",
 "k256",
 "rand_core 0.6.4",
 "thiserror 1.0.69",
]

[[package]]
name = "cosmwasm-crypto"
version = "2.3.4"
source = "registry+https://github.com/rust-lang/crates.io-index"
checksum = "55a3f5419d8f6ee9ae698db5a3d5d34ecd4ff82e8b5694bba7a620403c862717"
dependencies = [
 "ark-bls12-381",
 "ark-ec",
 "ark-ff",
 "ark-serialize",
 "cosmwasm-core",
 "curve25519-dalek 4.1.3",
 "digest 0.10.7",
 "ecdsa",
 "ed25519-zebra 4.0.3",
 "k256",
 "num-traits",
 "p256",
 "rand_core 0.6.4",
 "rayon",
 "sha2 0.10.9",
 "thiserror 1.0.69",
]

[[package]]
name = "cosmwasm-derive"
version = "1.5.11"
source = "registry+https://github.com/rust-lang/crates.io-index"
checksum = "d9b804ff15a0e059c88f85ae0e868cf8c7aba9d61221e46f1ad7250f270628c7"
dependencies = [
 "syn 1.0.109",
]

[[package]]
name = "cosmwasm-derive"
version = "2.3.4"
source = "registry+https://github.com/rust-lang/crates.io-index"
checksum = "1a625e259b6ab0cae1a758adf9a68a11ecddd023d1ab3d9c5d1785c144663c81"
dependencies = [
 "proc-macro2",
 "quote",
 "syn 2.0.119",
]

[[package]]
name = "cosmwasm-schema"
version = "1.5.11"
source = "registry+https://github.com/rust-lang/crates.io-index"
checksum = "5526ea839acb47bbf8fff031ed9aad86e74d43f77b089255417328c3664367d5"
dependencies = [
 "cosmwasm-schema-derive 1.5.11",
 "schemars",
 "serde",
 "serde_json",
 "thiserror 1.0.69",
]

[[package]]
name = "cosmwasm-schema"
version = "2.3.4"
source = "registry+https://github.com/rust-lang/crates.io-index"
checksum = "0ede043e335be6ab524be4f16de872f7172e8a8a5751498a81467e054db6c569"
dependencies = [
 "cosmwasm-schema-derive 2.3.4",
 "schemars",
 "serde",
 "serde_json",
 "thiserror 1.0.69",
]

[[package]]
name = "cosmwasm-schema-derive"
version = "1.5.11"
source = "registry+https://github.com/rust-lang/crates.io-index"
checksum = "10f41b99f41f840765d02ae858956bb52af910755976312082e90493c67db512"
dependencies = [
 "proc-macro2",
 "quote",
 "syn 1.0.109",
]

[[package]]
name = "cosmwasm-schema-derive"
version = "2.3.4"
source = "registry+https://github.com/rust-lang/crates.io-index"
checksum = "3e05cba18647b211a79b337d64049af2bdba2e88714374c55eb569436f7b699b"
dependencies = [
 "proc-macro2",
 "quote",
 "syn 2.0.119",
]

[[package]]
name = "cosmwasm-std"
version = "1.5.11"
source = "registry+https://github.com/rust-lang/crates.io-index"
checksum = "763340055b84e5482ed90fec8194ff7d59112267a09bbf5819c9e3edca8c052e"
dependencies = [
 "base64 0.21.7",
 "bech32 0.9.1",
 "bnum 0.10.0",
 "cosmwasm-crypto 1.5.11",
 "cosmwasm-derive 1.5.11",
 "derivative",
 "forward_ref",
 "hex",
 "schemars",
 "serde",
 "serde-json-wasm 0.5.2",
 "sha2 0.10.9",
 "static_assertions",
 "thiserror 1.0.69",
]

[[package]]
name = "cosmwasm-std"
version = "2.3.4"
source = "registry+https://github.com/rust-lang/crates.io-index"
checksum = "26819b0207082f8045d710ebd532f53c545798983d601647245869b81fb63759"
dependencies = [
 "base64 0.22.1",
 "bech32 0.11.1",
 "bnum 0.11.0",
 "cosmwasm-core",
 "cosmwasm-crypto 2.3.4",
 "cosmwasm-derive 2.3.4",
 "derive_more",
 "hex",
 "rand_core 0.6.4",
 "rmp-serde",
 "schemars",
 "serde",
 "serde-json-wasm 1.0.1",
 "sha2 0.10.9",
 "static_assertions",
 "thiserror 1.0.69",
]

[[package]]
name = "cpufeatures"
version = "0.2.17"
source = "registry+https://github.com/rust-lang/crates.io-index"
checksum = "59ed5838eebb26a2bb2e58f6d5b5316989ae9d08bab10e0e6d103e656d1b0280"
dependencies = [
 "libc",
]

[[package]]
name = "crossbeam-deque"
version = "0.8.7"
source = "registry+https://github.com/rust-lang/crates.io-index"
checksum = "5181e0de7b61eb03a81e347d6dd8797bae9da5146707b51077e2d71a54ec0ceb"
dependencies = [
 "crossbeam-epoch",
 "crossbeam-utils",
]

[[package]]
name = "crossbeam-epoch"
version = "0.9.20"
source = "registry+https://github.com/rust-lang/crates.io-index"
checksum = "2d6914041f254d6e9176c01941b21115dcfb7089e55135a35411081bd106ef3f"
dependencies = [
 "crossbeam-utils",
]

[[package]]
name = "crossbeam-utils"
version = "0.8.22"
source = "registry+https://github.com/rust-lang/crates.io-index"
checksum = "61803da095bee82a81bb1a452ecc25d3b2f1416d1897eb86430c6159ef717c17"

[[package]]
name = "crypto-bigint"
version = "0.5.5"
source = "registry+https://github.com/rust-lang/crates.io-index"
checksum = "0dc92fb57ca44df6db8059111ab3af99a63d5d0f8375d9972e319a379c6bab76"
dependencies = [
 "generic-array",
 "rand_core 0.6.4",
 "subtle",
 "zeroize",
]

[[package]]
name = "crypto-common"
version = "0.1.7"
source = "registry+https://github.com/rust-lang/crates.io-index"
checksum = "78c8292055d1c1df0cce5d180393dc8cce0abec0a7102adb6c7b1eef6016d60a"
dependencies = [
 "generic-array",
 "typenum",
]

[[package]]
name = "curve25519-dalek"
version = "3.2.0"
source = "registry+https://github.com/rust-lang/crates.io-index"
checksum = "0b9fdf9972b2bd6af2d913799d9ebc165ea4d2e65878e329d9c6b372c4491b61"
dependencies = [
 "byteorder",
 "digest 0.9.0",
 "rand_core 0.5.1",
 "subtle",
 "zeroize",
]

[[package]]
name = "curve25519-dalek"
version = "4.1.3"
source = "registry+https://github.com/rust-lang/crates.io-index"
checksum = "97fb8b7c4503de7d6ae7b42ab72a5a59857b4c937ec27a3d4539dba95b5ab2be"
dependencies = [
 "cfg-if",
 "cpufeatures",
 "curve25519-dalek-derive",
 "digest 0.10.7",
 "fiat-crypto",
 "rustc_version",
 "subtle",
 "zeroize",
]

[[package]]
name = "curve25519-dalek-derive"
version = "0.1.1"
source = "registry+https://github.com/rust-lang/crates.io-index"
checksum = "f46882e17999c6cc590af592290432be3bce0428cb0d5f8b6715e4dc7b383eb3"
dependencies = [
 "proc-macro2",
 "quote",
 "syn 2.0.119",
]

[[package]]
name = "cw-address-like"
version = "2.0.0"
source = "registry+https://github.com/rust-lang/crates.io-index"
checksum = "73553ee4dad5b1678977ff603e72c3fdd41518ca2b0bd9b245b21e4c72eafa9e"
dependencies = [
 "cosmwasm-std 2.3.4",
]

[[package]]
name = "cw-multi-test"
version = "2.5.1"
source = "registry+https://github.com/rust-lang/crates.io-index"
checksum = "683c799ba3a3d01933be5ef693c10cf815855967eb71c3dd730f2987ebb9316e"
dependencies = [
 "anyhow",
 "bech32 0.11.1",
 "cosmwasm-schema 2.3.4",
 "cosmwasm-std 2.3.4",
 "cw-storage-plus 2.0.0",
 "cw-utils 2.0.0",
 "itertools 0.14.0",
 "prost",
 "schemars",
 "serde",
 "sha2 0.10.9",
 "thiserror 2.0.20",
]

[[package]]
name = "cw-ownable"
version = "2.1.0"
source = "registry+https://github.com/rust-lang/crates.io-index"
checksum = "ed2f8ee96ac5342c795a0610410998fc075a95af8c796b6d16479cdffd2471f1"
dependencies = [
 "cosmwasm-schema 2.3.4",
 "cosmwasm-std 2.3.4",
 "cw-address-like",
 "cw-ownable-derive",
 "cw-storage-plus 2.0.0",
 "cw-utils 2.0.0",
 "thiserror 1.0.69",
]

[[package]]
name = "cw-ownable-derive"
version = "0.6.0"
source = "registry+https://github.com/rust-lang/crates.io-index"
checksum = "0e69178d27793063dd13812777709cf7d7860ba35a598094d4bd89e1b30c9341"
dependencies = [
 "proc-macro2",
 "quote",
 "syn 1.0.109",
]

[[package]]
name = "cw-storage-macro"
version = "2.1.0"
source = "registry+https://github.com/rust-lang/crates.io-index"
checksum = "b853a2f7d85f286d099ae5b28ae4025c475d31145bf426cc6d86ec92afd215c8"
dependencies = [
 "proc-macro2",
 "quote",
 "syn 2.0.119",
]

[[package]]
name = "cw-storage-plus"
version = "0.16.0"
source = "registry+https://github.com/rust-lang/crates.io-index"
checksum = "d9b6f91c0b94481a3e9ef1ceb183c37d00764f8751e39b45fc09f4d9b970d469"
dependencies = [
 "cosmwasm-std 1.5.11",
 "schemars",
 "serde",
]

[[package]]
name = "cw-storage-plus"
version = "2.0.0"
source = "registry+https://github.com/rust-lang/crates.io-index"
checksum = "f13360e9007f51998d42b1bc6b7fa0141f74feae61ed5fd1e5b0a89eec7b5de1"
dependencies = [
 "cosmwasm-std 2.3.4",
 "cw-storage-macro",
 "schemars",
 "serde",
]

[[package]]
name = "cw-utils"
version = "0.16.0"
source = "registry+https://github.com/rust-lang/crates.io-index"
checksum = "d6a84c6c1c0acc3616398eba50783934bd6c964bad6974241eaee3460c8f5b26"
dependencies = [
 "cosmwasm-schema 1.5.11",
 "cosmwasm-std 1.5.11",
 "cw2 0.16.0",
 "schemars",
 "semver",
 "serde",
 "thiserror 1.0.69",
]

[[package]]
name = "cw-utils"
version = "2.0.0"
source = "registry+https://github.com/rust-lang/crates.io-index"
checksum = "07dfee7f12f802431a856984a32bce1cb7da1e6c006b5409e3981035ce562dec"
dependencies = [
 "cosmwasm-schema 2.3.4",
 "cosmwasm-std 2.3.4",
 "schemars",
 "serde",
 "thiserror 1.0.69",
]

[[package]]
name = "cw2"
version = "0.16.0"
source = "registry+https://github.com/rust-lang/crates.io-index"
checksum = "91398113b806f4d2a8d5f8d05684704a20ffd5968bf87e3473e1973710b884ad"
dependencies = [
 "cosmwasm-schema 1.5.11",
 "cosmwasm-std 1.5.11",
 "cw-storage-plus 0.16.0",
 "schemars",
 "serde",
]

[[package]]
name = "cw2"
version = "2.0.0"
source = "registry+https://github.com/rust-lang/crates.io-index"
checksum = "b04852cd38f044c0751259d5f78255d07590d136b8a86d4e09efdd7666bd6d27"
dependencies = [
 "cosmwasm-schema 2.3.4",
 "cosmwasm-std 2.3.4",
 "cw-storage-plus 2.0.0",
 "schemars",
 "semver",
 "serde",
 "thiserror 1.0.69",
]

[[package]]
name = "cw721"
version = "0.16.0"
source = "registry+https://github.com/rust-lang/crates.io-index"
checksum = "94a1ea6e6277bdd6dfc043a9b1380697fe29d6e24b072597439523658d21d791"
dependencies = [
 "cosmwasm-schema 1.5.11",
 "cosmwasm-std 1.5.11",
 "cw-utils 0.16.0",
 "schemars",
 "serde",
]

[[package]]
name = "cw721"
version = "0.20.0"
source = "registry+https://github.com/rust-lang/crates.io-index"
checksum = "2f67636cad1becbc9fee3e18e93c97a1c8b157fc6a875817178a14c301e40fdf"
dependencies = [
 "cosmwasm-schema 2.3.4",
 "cosmwasm-std 2.3.4",
 "cw-ownable",
 "cw-storage-plus 2.0.0",
 "cw-utils 2.0.0",
 "cw2 2.0.0",
 "cw721 0.16.0",
 "schemars",
 "serde",
 "thiserror 1.0.69",
 "url",
]

[[package]]
name = "cw721-base"
version = "0.20.0"
source = "registry+https://github.com/rust-lang/crates.io-index"
checksum = "4f3671b8e76ab8c22113e8d5b6e4bffbfb5df69a44cae99657a361941b95b6ca"
dependencies = [
 "cosmwasm-schema 2.3.4",
 "cosmwasm-std 2.3.4",
 "cw-ownable",
 "cw2 2.0.0",
 "cw721 0.20.0",
 "serde",
]

[[package]]
name = "der"
version = "0.7.10"
source = "registry+https://github.com/rust-lang/crates.io-index"
checksum = "e7c1832837b905bbfb5101e07cc24c8deddf52f93225eee6ead5f4d63d53ddcb"
dependencies = [
 "const-oid",
 "zeroize",
]

[[package]]
name = "derivative"
version = "2.2.0"
source = "registry+https://github.com/rust-lang/crates.io-index"
checksum = "fcc3dd5e9e9c0b295d6e1e4d811fb6f157d5ffd784b8d202fc62eac8035a770b"
dependencies = [
 "proc-macro2",
 "quote",
 "syn 1.0.109",
]

[[package]]
name = "derive_more"
version = "1.0.0"
source = "registry+https://github.com/rust-lang/crates.io-index"
checksum = "4a9b99b9cbbe49445b21764dc0625032a89b145a2642e67603e1c936f5458d05"
dependencies = [
 "derive_more-impl",
]

[[package]]
name = "derive_more-impl"
version = "1.0.0"
source = "registry+https://github.com/rust-lang/crates.io-index"
checksum = "cb7330aeadfbe296029522e6c40f315320aba36fc43a5b3632f3795348f3bd22"
dependencies = [
 "proc-macro2",
 "quote",
 "syn 2.0.119",
 "unicode-xid",
]

[[package]]
name = "digest"
version = "0.9.0"
source = "registry+https://github.com/rust-lang/crates.io-index"
checksum = "d3dd60d1080a57a05ab032377049e0591415d2b31afd7028356dbf3cc6dcb066"
dependencies = [
 "generic-array",
]

[[package]]
name = "digest"
version = "0.10.7"
source = "registry+https://github.com/rust-lang/crates.io-index"
checksum = "9ed9a281f7bc9b7576e61468ba615a66a5c8cfdff42420a70aa82701a3b1e292"
dependencies = [
 "block-buffer 0.10.4",
 "const-oid",
 "crypto-common",
 "subtle",
]

[[package]]
name = "displaydoc"
version = "0.2.7"
source = "registry+https://github.com/rust-lang/crates.io-index"
checksum = "c6232dd377dcc64799954cbd3a9bb882e9cdc1308ccd87b1c098f1fb2eaf82a8"
dependencies = [
 "proc-macro2",
 "quote",
 "syn 3.0.3",
]

[[package]]
name = "dyn-clone"
version = "1.0.20"
source = "registry+https://github.com/rust-lang/crates.io-index"
checksum = "d0881ea181b1df73ff77ffaaf9c7544ecc11e82fba9b5f27b262a3c73a332555"

[[package]]
name = "ecdsa"
version = "0.16.9"
source = "registry+https://github.com/rust-lang/crates.io-index"
checksum = "ee27f32b5c5292967d2d4a9d7f1e0b0aed2c15daded5a60300e4abb9d8020bca"
dependencies = [
 "der",
 "digest 0.10.7",
 "elliptic-curve",
 "rfc6979",
 "signature",
 "spki",
]

[[package]]
name = "ed25519"
version = "2.2.3"
source = "registry+https://github.com/rust-lang/crates.io-index"
checksum = "115531babc129696a58c64a4fef0a8bf9e9698629fb97e9e40767d235cfbcd53"
dependencies = [
 "signature",
]

[[package]]
name = "ed25519-zebra"
version = "3.1.0"
source = "registry+https://github.com/rust-lang/crates.io-index"
checksum = "7c24f403d068ad0b359e577a77f92392118be3f3c927538f2bb544a5ecd828c6"
dependencies = [
 "curve25519-dalek 3.2.0",
 "hashbrown 0.12.3",
 "hex",
 "rand_core 0.6.4",
 "serde",
 "sha2 0.9.9",
 "zeroize",
]

[[package]]
name = "ed25519-zebra"
version = "4.0.3"
source = "registry+https://github.com/rust-lang/crates.io-index"
checksum = "7d9ce6874da5d4415896cd45ffbc4d1cfc0c4f9c079427bd870742c30f2f65a9"
dependencies = [
 "curve25519-dalek 4.1.3",
 "ed25519",
 "hashbrown 0.14.5",
 "hex",
 "rand_core 0.6.4",
 "sha2 0.10.9",
 "zeroize",
]

[[package]]
name = "either"
version = "1.17.0"
source = "registry+https://github.com/rust-lang/crates.io-index"
checksum = "9e5e8f6c15a24b9a3ee5efec809ccd006d3b30e8b3bb63c39af737c7f87daa1d"

[[package]]
name = "elliptic-curve"
version = "0.13.8"
source = "registry+https://github.com/rust-lang/crates.io-index"
checksum = "b5e6043086bf7973472e0c7dff2142ea0b680d30e18d9cc40f267efbf222bd47"
dependencies = [
 "base16ct",
 "crypto-bigint",
 "digest 0.10.7",
 "ff",
 "generic-array",
 "group",
 "pkcs8",
 "rand_core 0.6.4",
 "sec1",
 "subtle",
 "zeroize",
]

[[package]]
name = "ff"
version = "0.13.1"
source = "registry+https://github.com/rust-lang/crates.io-index"
checksum = "c0b50bfb653653f9ca9095b427bed08ab8d75a137839d9ad64eb11810d5b6393"
dependencies = [
 "rand_core 0.6.4",
 "subtle",
]

[[package]]
name = "fiat-crypto"
version = "0.2.9"
source = "registry+https://github.com/rust-lang/crates.io-index"
checksum = "28dea519a9695b9977216879a3ebfddf92f1c08c05d984f8996aecd6ecdc811d"

[[package]]
name = "form_urlencoded"
version = "1.2.2"
source = "registry+https://github.com/rust-lang/crates.io-index"
checksum = "cb4cb245038516f5f85277875cdaa4f7d2c9a0fa0468de06ed190163b1581fcf"
dependencies = [
 "percent-encoding",
]

[[package]]
name = "forward_ref"
version = "1.0.0"
source = "registry+https://github.com/rust-lang/crates.io-index"
checksum = "c8cbd1169bd7b4a0a20d92b9af7a7e0422888bd38a6f5ec29c1fd8c1558a272e"

[[package]]
name = "generic-array"
version = "0.14.7"
source = "registry+https://github.com/rust-lang/crates.io-index"
checksum = "85649ca51fd72272d7821adaf274ad91c288277713d9c18820d8499a7ff69e9a"
dependencies = [
 "typenum",
 "version_check",
 "zeroize",
]

[[package]]
name = "getrandom"
version = "0.2.17"
source = "registry+https://github.com/rust-lang/crates.io-index"
checksum = "ff2abc00be7fca6ebc474524697ae276ad847ad0a6b3faa4bcb027e9a4614ad0"
dependencies = [
 "cfg-if",
 "libc",
 "wasi",
]

[[package]]
name = "group"
version = "0.13.0"
source = "registry+https://github.com/rust-lang/crates.io-index"
checksum = "f0f9ef7462f7c099f518d754361858f86d8a07af53ba9af0fe635bbccb151a63"
dependencies = [
 "ff",
 "rand_core 0.6.4",
 "subtle",
]

[[package]]
name = "hashbrown"
version = "0.12.3"
source = "registry+https://github.com/rust-lang/crates.io-index"
checksum = "8a9ee70c43aaf417c914396645a0fa852624801b24ebb7ae78fe8272889ac888"
dependencies = [
 "ahash 0.7.8",
]

[[package]]
name = "hashbrown"
version = "0.13.2"
source = "registry+https://github.com/rust-lang/crates.io-index"
checksum = "43a3c133739dddd0d2990f9a4bdf8eb4b21ef50e4851ca85ab661199821d510e"
dependencies = [
 "ahash 0.8.12",
]

[[package]]
name = "hashbrown"
version = "0.14.5"
source = "registry+https://github.com/rust-lang/crates.io-index"
checksum = "e5274423e17b7c9fc20b6e7e208532f9b19825d82dfd615708b70edd83df41f1"
dependencies = [
 "ahash 0.8.12",
 "allocator-api2",
]

[[package]]
name = "hex"
version = "0.4.3"
source = "registry+https://github.com/rust-lang/crates.io-index"
checksum = "7f24254aa9a54b5c858eaee2f5bccdb46aaf0e486a595ed5fd8f86ba55232a70"

[[package]]
name = "hmac"
version = "0.12.1"
source = "registry+https://github.com/rust-lang/crates.io-index"
checksum = "6c49c37c09c17a53d937dfbb742eb3a961d65a994e6bcdcf37e7399d0cc8ab5e"
dependencies = [
 "digest 0.10.7",
]

[[package]]
name = "icu_collections"
version = "2.3.0"
source = "registry+https://github.com/rust-lang/crates.io-index"
checksum = "fa68d21081c4a05d5a901a1c62add574c77048b6a1c67be3b50ce0b60d4ca513"
dependencies = [
 "displaydoc",
 "potential_utf",
 "utf8_iter",
 "yoke",
 "zerofrom",
 "zerovec",
]

[[package]]
name = "icu_locale_core"
version = "2.3.0"
source = "registry+https://github.com/rust-lang/crates.io-index"
checksum = "d56e28588da92eee5c3201a6eff33fabdd49b62269c8938d4ff050ce4d900deb"
dependencies = [
 "displaydoc",
 "litemap",
 "tinystr",
 "writeable",
 "zerovec",
]

[[package]]
name = "icu_normalizer"
version = "2.3.0"
source = "registry+https://github.com/rust-lang/crates.io-index"
checksum = "12f9cf5f235641ed274641dd81c3f28d870e276763d0797aeeab72317b1c646f"
dependencies = [
 "icu_collections",
 "icu_normalizer_data",
 "icu_properties",
 "icu_provider",
 "smallvec",
 "zerovec",
]

[[package]]
name = "icu_normalizer_data"
version = "2.3.0"
source = "registry+https://github.com/rust-lang/crates.io-index"
checksum = "1563da1ed3e0b3bf3d74c9b85917ac9c56464d2f57242270c09c9e752f8021a0"

[[package]]
name = "icu_properties"
version = "2.3.0"
source = "registry+https://github.com/rust-lang/crates.io-index"
checksum = "7e7ca276ad3145661a65914e6daf131ca5120cd3dcee8f8f3214b8875184a148"
dependencies = [
 "displaydoc",
 "icu_collections",
 "icu_locale_core",
 "icu_properties_data",
 "icu_provider",
 "zerotrie",
 "zerovec",
]

[[package]]
name = "icu_properties_data"
version = "2.3.0"
source = "registry+https://github.com/rust-lang/crates.io-index"
checksum = "e590f038c1464a96894fd6d10127e90a8be4509f56ff7ecef851b15cee0b7caa"

[[package]]
name = "icu_provider"
version = "2.3.0"
source = "registry+https://github.com/rust-lang/crates.io-index"
checksum = "92a7ed671a6aad807a8651a2e1782a6598fda9ce5185dd8158549e95a91c6428"
dependencies = [
 "displaydoc",
 "icu_locale_core",
 "writeable",
 "yoke",
 "zerofrom",
 "zerotrie",
 "zerovec",
]

[[package]]
name = "idna"
version = "1.1.0"
source = "registry+https://github.com/rust-lang/crates.io-index"
checksum = "3b0875f23caa03898994f6ddc501886a45c7d3d62d04d2d90788d47be1b1e4de"
dependencies = [
 "idna_adapter",
 "smallvec",
 "utf8_iter",
]

[[package]]
name = "idna_adapter"
version = "1.2.2"
source = "registry+https://github.com/rust-lang/crates.io-index"
checksum = "cb68373c0d6620ef8105e855e7745e18b0d00d3bdb07fb532e434244cdb9a714"
dependencies = [
 "icu_normalizer",
 "icu_properties",
]

[[package]]
name = "itertools"
version = "0.10.5"
source = "registry+https://github.com/rust-lang/crates.io-index"
checksum = "b0fd2260e829bddf4cb6ea802289de2f86d6a7a690192fbe91b3f46e0f2c8473"
dependencies = [
 "either",
]

[[package]]
name = "itertools"
version = "0.14.0"
source = "registry+https://github.com/rust-lang/crates.io-index"
checksum = "2b192c782037fadd9cfa75548310488aabdbf3d2da73885b31bd0abd03351285"
dependencies = [
 "either",
]

[[package]]
name = "itoa"
version = "1.0.18"
source = "registry+https://github.com/rust-lang/crates.io-index"
checksum = "8f42a60cbdf9a97f5d2305f08a87dc4e09308d1276d28c869c684d7777685682"

[[package]]
name = "k256"
version = "0.13.4"
source = "registry+https://github.com/rust-lang/crates.io-index"
checksum = "f6e3919bbaa2945715f0bb6d3934a173d1e9a59ac23767fbaaef277265a7411b"
dependencies = [
 "cfg-if",
 "ecdsa",
 "elliptic-curve",
 "once_cell",
 "sha2 0.10.9",
 "signature",
]

[[package]]
name = "libc"
version = "0.2.189"
source = "registry+https://github.com/rust-lang/crates.io-index"
checksum = "3eaf3ede3fee6db1a4c2ee091bf8a8b4dccdc6d17f656fb07896ee72867612f2"

[[package]]
name = "litemap"
version = "0.8.3"
source = "registry+https://github.com/rust-lang/crates.io-index"
checksum = "47d9d19d1d6efa0109d2f65ff4c85cddd50bd572e5a00127ab10987290bcefae"

[[package]]
name = "memchr"
version = "2.8.3"
source = "registry+https://github.com/rust-lang/crates.io-index"
checksum = "cf8baf1c55e62ffcace7a9f06f4bd9cd3f0c4beb022d3b367256b91b87513d98"

[[package]]
name = "num-bigint"
version = "0.4.8"
source = "registry+https://github.com/rust-lang/crates.io-index"
checksum = "c89e69e7e0f03bea5ef08013795c25018e101932225a656383bd384495ecc367"
dependencies = [
 "num-integer",
 "num-traits",
]

[[package]]
name = "num-integer"
version = "0.1.47"
source = "registry+https://github.com/rust-lang/crates.io-index"
checksum = "7ce2d95d4b3734dc35aa2f45e1aa22cd416814592a4f9d9205e11affd5b8e10b"
dependencies = [
 "num-traits",
]

[[package]]
name = "num-traits"
version = "0.2.19"
source = "registry+https://github.com/rust-lang/crates.io-index"
checksum = "071dfc062690e90b734c0b2273ce72ad0ffa95f0c74596bc250dcfd960262841"
dependencies = [
 "autocfg",
]

[[package]]
name = "once_cell"
version = "1.21.4"
source = "registry+https://github.com/rust-lang/crates.io-index"
checksum = "9f7c3e4beb33f85d45ae3e3a1792185706c8e16d043238c593331cc7cd313b50"

[[package]]
name = "opaque-debug"
version = "0.3.1"
source = "registry+https://github.com/rust-lang/crates.io-index"
checksum = "c08d65885ee38876c4f86fa503fb49d7b507c2b62552df7c70b2fce627e06381"

[[package]]
name = "p256"
version = "0.13.2"
source = "registry+https://github.com/rust-lang/crates.io-index"
checksum = "c9863ad85fa8f4460f9c48cb909d38a0d689dba1f6f6988a5e3e0d31071bcd4b"
dependencies = [
 "ecdsa",
 "elliptic-curve",
 "primeorder",
 "sha2 0.10.9",
]

[[package]]
name = "paste"
version = "1.0.15"
source = "registry+https://github.com/rust-lang/crates.io-index"
checksum = "57c0d7b74b563b49d38dae00a0c37d4d6de9b432382b2892f0574ddcae73fd0a"

[[package]]
name = "percent-encoding"
version = "2.3.2"
source = "registry+https://github.com/rust-lang/crates.io-index"
checksum = "9b4f627cb1b25917193a259e49bdad08f671f8d9708acfd5fe0a8c1455d87220"

[[package]]
name = "pkcs8"
version = "0.10.2"
source = "registry+https://github.com/rust-lang/crates.io-index"
checksum = "f950b2377845cebe5cf8b5165cb3cc1a5e0fa5cfa3e1f7f55707d8fd82e0a7b7"
dependencies = [
 "der",
 "spki",
]

[[package]]
name = "potential_utf"
version = "0.1.6"
source = "registry+https://github.com/rust-lang/crates.io-index"
checksum = "d83eb9bc6d8e5cf568e7a1101d60ee05e81ed50ea106026f3d18deeb046d7661"
dependencies = [
 "zerovec",
]

[[package]]
name = "ppv-lite86"
version = "0.2.21"
source = "registry+https://github.com/rust-lang/crates.io-index"
checksum = "85eae3c4ed2f50dcfe72643da4befc30deadb458a9b590d720cde2f2b1e97da9"
dependencies = [
 "zerocopy",
]

[[package]]
name = "primeorder"
version = "0.13.6"
source = "registry+https://github.com/rust-lang/crates.io-index"
checksum = "353e1ca18966c16d9deb1c69278edbc5f194139612772bd9537af60ac231e1e6"
dependencies = [
 "elliptic-curve",
]

[[package]]
name = "proc-macro2"
version = "1.0.107"
source = "registry+https://github.com/rust-lang/crates.io-index"
checksum = "985e7ec9bb745e6ce6535b544d84d6cd6f7ad8bd711c398938ae983b91a766d9"
dependencies = [
 "unicode-ident",
]

[[package]]
name = "prost"
version = "0.14.4"
source = "registry+https://github.com/rust-lang/crates.io-index"
checksum = "528ac67416ff8646872a3c02cad9cc4ee5dc9f9540c9b10771855c95cb2e5ae1"
dependencies = [
 "bytes",
 "prost-derive",
]

[[package]]
name = "prost-derive"
version = "0.14.4"
source = "registry+https://github.com/rust-lang/crates.io-index"
checksum = "b570b25f7617e43d59005d0990ccb79e950a423952cea19671b7a876da390adf"
dependencies = [
 "anyhow",
 "itertools 0.14.0",
 "proc-macro2",
 "quote",
 "syn 2.0.119",
]

[[package]]
name = "quote"
version = "1.0.47"
source = "registry+https://github.com/rust-lang/crates.io-index"
checksum = "1fbf4db142a473a8d80c26bbf18454ed458bf8d26c8219c331daecfdbd079001"
dependencies = [
 "proc-macro2",
]

[[package]]
name = "rand"
version = "0.8.7"
source = "registry+https://github.com/rust-lang/crates.io-index"
checksum = "22f6172bdec972074665ed81ed53b71da00bfc44b65a753cfde883ec4c702a1a"
dependencies = [
 "rand_chacha",
 "rand_core 0.6.4",
]

[[package]]
name = "rand_chacha"
version = "0.3.1"
source = "registry+https://github.com/rust-lang/crates.io-index"
checksum = "e6c10a63a0fa32252be49d21e7709d4d4baf8d231c2dbce1eaa8141b9b127d88"
dependencies = [
 "ppv-lite86",
 "rand_core 0.6.4",
]

[[package]]
name = "rand_core"
version = "0.5.1"
source = "registry+https://github.com/rust-lang/crates.io-index"
checksum = "90bde5296fc891b0cef12a6d03ddccc162ce7b2aff54160af9338f8d40df6d19"

[[package]]
name = "rand_core"
version = "0.6.4"
source = "registry+https://github.com/rust-lang/crates.io-index"
checksum = "ec0be4795e2f6a28069bec0b5ff3e2ac9bafc99e6a9a7dc3547996c5c816922c"
dependencies = [
 "getrandom",
]

[[package]]
name = "rayon"
version = "1.12.0"
source = "registry+https://github.com/rust-lang/crates.io-index"
checksum = "fb39b166781f92d482534ef4b4b1b2568f42613b53e5b6c160e24cfbfa30926d"
dependencies = [
 "either",
 "rayon-core",
]

[[package]]
name = "rayon-core"
version = "1.13.0"
source = "registry+https://github.com/rust-lang/crates.io-index"
checksum = "22e18b0f0062d30d4230b2e85ff77fdfe4326feb054b9783a3460d8435c8ab91"
dependencies = [
 "crossbeam-deque",
 "crossbeam-utils",
]

[[package]]
name = "rfc6979"
version = "0.4.0"
source = "registry+https://github.com/rust-lang/crates.io-index"
checksum = "f8dd2a808d456c4a54e300a23e9f5a67e122c3024119acbfd73e3bf664491cb2"
dependencies = [
 "hmac",
 "subtle",
]

[[package]]
name = "rmp"
version = "0.8.15"
source = "registry+https://github.com/rust-lang/crates.io-index"
checksum = "4ba8be72d372b2c9b35542551678538b562e7cf86c3315773cae48dfbfe7790c"
dependencies = [
 "num-traits",
]

[[package]]
name = "rmp-serde"
version = "1.3.1"
source = "registry+https://github.com/rust-lang/crates.io-index"
checksum = "72f81bee8c8ef9b577d1681a70ebbc962c232461e397b22c208c43c04b67a155"
dependencies = [
 "rmp",
 "serde",
]

[[package]]
name = "rustc_version"
version = "0.4.1"
source = "registry+https://github.com/rust-lang/crates.io-index"
checksum = "cfcb3a22ef46e85b45de6ee7e79d063319ebb6594faafcf1c225ea92ab6e9b92"
dependencies = [
 "semver",
]

[[package]]
name = "schemars"
version = "0.8.22"
source = "registry+https://github.com/rust-lang/crates.io-index"
checksum = "3fbf2ae1b8bc8e02df939598064d22402220cd5bbcca1c76f7d6a310974d5615"
dependencies = [
 "dyn-clone",
 "schemars_derive",
 "serde",
 "serde_json",
]

[[package]]
name = "schemars_derive"
version = "0.8.22"
source = "registry+https://github.com/rust-lang/crates.io-index"
checksum = "32e265784ad618884abaea0600a9adf15393368d840e0222d101a072f3f7534d"
dependencies = [
 "proc-macro2",
 "quote",
 "serde_derive_internals",
 "syn 2.0.119",
]

[[package]]
name = "sec1"
version = "0.7.3"
source = "registry+https://github.com/rust-lang/crates.io-index"
checksum = "d3e97a565f76233a6003f9f5c54be1d9c5bdfa3eccfb189469f11ec4901c47dc"
dependencies = [
 "base16ct",
 "der",
 "generic-array",
 "pkcs8",
 "subtle",
 "zeroize",
]

[[package]]
name = "semver"
version = "1.0.28"
source = "registry+https://github.com/rust-lang/crates.io-index"
checksum = "8a7852d02fc848982e0c167ef163aaff9cd91dc640ba85e263cb1ce46fae51cd"

[[package]]
name = "serde"
version = "1.0.229"
source = "registry+https://github.com/rust-lang/crates.io-index"
checksum = "4148590afebada386688f18773da617792bf2ef03ffc1e4cbd2b1d45b023e0ba"
dependencies = [
 "serde_core",
 "serde_derive",
]

[[package]]
name = "serde-json-wasm"
version = "0.5.2"
source = "registry+https://github.com/rust-lang/crates.io-index"
checksum = "9e9213a07d53faa0b8dd81e767a54a8188a242fdb9be99ab75ec576a774bfdd7"
dependencies = [
 "serde",
]

[[package]]
name = "serde-json-wasm"
version = "1.0.1"
source = "registry+https://github.com/rust-lang/crates.io-index"
checksum = "f05da0d153dd4595bdffd5099dc0e9ce425b205ee648eb93437ff7302af8c9a5"
dependencies = [
 "serde",
]

[[package]]
name = "serde_core"
version = "1.0.229"
source = "registry+https://github.com/rust-lang/crates.io-index"
checksum = "67dca2c9c51e58a4791a4b1ed58308b39c64224d349a935ab5039aa360942a48"
dependencies = [
 "serde_derive",
]

[[package]]
name = "serde_derive"
version = "1.0.229"
source = "registry+https://github.com/rust-lang/crates.io-index"
checksum = "e7a5d71263a5a7d47b41f6b3f06ba276f10cc18b0931f1799f710578e2309348"
dependencies = [
 "proc-macro2",
 "quote",
 "syn 3.0.3",
]

[[package]]
name = "serde_derive_internals"
version = "0.29.1"
source = "registry+https://github.com/rust-lang/crates.io-index"
checksum = "18d26a20a969b9e3fdf2fc2d9f21eda6c40e2de84c9408bb5d3b05d499aae711"
dependencies = [
 "proc-macro2",
 "quote",
 "syn 2.0.119",
]

[[package]]
name = "serde_json"
version = "1.0.151"
source = "registry+https://github.com/rust-lang/crates.io-index"
checksum = "c841b55ecdae098c80dcae9cf767f6f8a0c2cdb3416bbef72181df4d0fe73f14"
dependencies = [
 "itoa",
 "memchr",
 "serde",
 "serde_core",
 "zmij",
]

[[package]]
name = "sha2"
version = "0.9.9"
source = "registry+https://github.com/rust-lang/crates.io-index"
checksum = "4d58a1e1bf39749807d89cf2d98ac2dfa0ff1cb3faa38fbb64dd88ac8013d800"
dependencies = [
 "block-buffer 0.9.0",
 "cfg-if",
 "cpufeatures",
 "digest 0.9.0",
 "opaque-debug",
]

[[package]]
name = "sha2"
version = "0.10.9"
source = "registry+https://github.com/rust-lang/crates.io-index"
checksum = "a7507d819769d01a365ab707794a4084392c824f54a7a6a7862f8c3d0892b283"
dependencies = [
 "cfg-if",
 "cpufeatures",
 "digest 0.10.7",
]

[[package]]
name = "signature"
version = "2.2.0"
source = "registry+https://github.com/rust-lang/crates.io-index"
checksum = "77549399552de45a898a580c1b41d445bf730df867cc44e6c0233bbc4b8329de"
dependencies = [
 "digest 0.10.7",
 "rand_core 0.6.4",
]

[[package]]
name = "smallvec"
version = "1.15.2"
source = "registry+https://github.com/rust-lang/crates.io-index"
checksum = "8ed6a63f02c8539c91a8685a86f4099661ba3da017932f6ebbea6de3f0fa7c90"

[[package]]
name = "spki"
version = "0.7.3"
source = "registry+https://github.com/rust-lang/crates.io-index"
checksum = "d91ed6c858b01f942cd56b37a94b3e0a1798290327d1236e4d9cf4eaca44d29d"
dependencies = [
 "base64ct",
 "der",
]

[[package]]
name = "stable_deref_trait"
version = "1.2.1"
source = "registry+https://github.com/rust-lang/crates.io-index"
checksum = "6ce2be8dc25455e1f91df71bfa12ad37d7af1092ae736f3a6cd0e37bc7810596"

[[package]]
name = "static_assertions"
version = "1.1.0"
source = "registry+https://github.com/rust-lang/crates.io-index"
checksum = "a2eb9349b6444b326872e140eb1cf5e7c522154d69e7a0ffb0fb81c06b37543f"

[[package]]
name = "subtle"
version = "2.6.1"
source = "registry+https://github.com/rust-lang/crates.io-index"
checksum = "13c2bddecc57b384dee18652358fb23172facb8a2c51ccc10d74c157bdea3292"

[[package]]
name = "syn"
version = "1.0.109"
source = "registry+https://github.com/rust-lang/crates.io-index"
checksum = "72b64191b275b66ffe2469e8af2c1cfe3bafa67b529ead792a6d0160888b4237"
dependencies = [
 "proc-macro2",
 "quote",
 "unicode-ident",
]

[[package]]
name = "syn"
version = "2.0.119"
source = "registry+https://github.com/rust-lang/crates.io-index"
checksum = "872831b642d1a07999a962a351ed35b955ea2cfc8f3862091e2a240a84f17297"
dependencies = [
 "proc-macro2",
 "quote",
 "unicode-ident",
]

[[package]]
name = "syn"
version = "3.0.3"
source = "registry+https://github.com/rust-lang/crates.io-index"
checksum = "53e9bae58849f64dfa4f5d5ae372c8341f7305f82a3868709269343628b659a3"
dependencies = [
 "proc-macro2",
 "quote",
 "unicode-ident",
]

[[package]]
name = "synstructure"
version = "0.13.2"
source = "registry+https://github.com/rust-lang/crates.io-index"
checksum = "728a70f3dbaf5bab7f0c4b1ac8d7ae5ea60a4b5549c8a5914361c99147a709d2"
dependencies = [
 "proc-macro2",
 "quote",
 "syn 2.0.119",
]

[[package]]
name = "thiserror"
version = "1.0.69"
source = "registry+https://github.com/rust-lang/crates.io-index"
checksum = "b6aaf5339b578ea85b50e080feb250a3e8ae8cfcdff9a461c9ec2904bc923f52"
dependencies = [
 "thiserror-impl 1.0.69",
]

[[package]]
name = "thiserror"
version = "2.0.20"
source = "registry+https://github.com/rust-lang/crates.io-index"
checksum = "ec86235f5fcc2a73650310756d2ac5b138a5780bbbdfae3eeccec992c435ba4f"
dependencies = [
 "thiserror-impl 2.0.20",
]

[[package]]
name = "thiserror-impl"
version = "1.0.69"
source = "registry+https://github.com/rust-lang/crates.io-index"
checksum = "4fee6c4efc90059e10f81e6d42c60a18f76588c3d74cb83a0b242a2b6c7504c1"
dependencies = [
 "proc-macro2",
 "quote",
 "syn 2.0.119",
]

[[package]]
name = "thiserror-impl"
version = "2.0.20"
source = "registry+https://github.com/rust-lang/crates.io-index"
checksum = "bc04cd3e1236dd4a98afca4569f2deb3f120e5422a4023be2cb683f8486292af"
dependencies = [
 "proc-macro2",
 "quote",
 "syn 3.0.3",
]

[[package]]
name = "tinystr"
version = "0.8.4"
source = "registry+https://github.com/rust-lang/crates.io-index"
checksum = "b1e27c91459209c2986af3dcf603a5a74a4368754ce37414f59acc971167f643"
dependencies = [
 "displaydoc",
 "zerovec",
]

[[package]]
name = "typenum"
version = "1.20.1"
source = "registry+https://github.com/rust-lang/crates.io-index"
checksum = "b6f5e870be6c3b371b77fe0ee0bafb859fa4964b4404c27de1d380043c4dda20"

[[package]]
name = "unicode-ident"
version = "1.0.24"
source = "registry+https://github.com/rust-lang/crates.io-index"
checksum = "e6e4313cd5fcd3dad5cafa179702e2b244f760991f45397d14d4ebf38247da75"

[[package]]
name = "unicode-xid"
version = "0.2.6"
source = "registry+https://github.com/rust-lang/crates.io-index"
checksum = "ebc1c04c71510c7f702b52b7c350734c9ff1295c464a03335b00bb84fc54f853"

[[package]]
name = "url"
version = "2.5.8"
source = "registry+https://github.com/rust-lang/crates.io-index"
checksum = "ff67a8a4397373c3ef660812acab3268222035010ab8680ec4215f38ba3d0eed"
dependencies = [
 "form_urlencoded",
 "idna",
 "percent-encoding",
 "serde",
]

[[package]]
name = "user-map"
version = "0.1.0"
dependencies = [
 "cosmwasm-schema 2.3.4",
 "cosmwasm-std 2.3.4",
 "cw-storage-plus 2.0.0",
 "cw2 2.0.0",
 "serde",
 "serde_json",
 "thiserror 1.0.69",
]

[[package]]
name = "utf8_iter"
version = "1.0.4"
source = "registry+https://github.com/rust-lang/crates.io-index"
checksum = "b6c140620e7ffbb22c2dee59cafe6084a59b5ffc27a8859a5f0d494b5d52b6be"

[[package]]
name = "version_check"
version = "0.9.5"
source = "registry+https://github.com/rust-lang/crates.io-index"
checksum = "0b928f33d975fc6ad9f86c8f283853ad26bdd5b10b7f1542aa2fa15e2289105a"

[[package]]
name = "wasi"
version = "0.11.1+wasi-snapshot-preview1"
source = "registry+https://github.com/rust-lang/crates.io-index"
checksum = "ccf3ec651a847eb01de73ccad15eb7d99f80485de043efb2f370cd654f4ea44b"

[[package]]
name = "writeable"
version = "0.6.4"
source = "registry+https://github.com/rust-lang/crates.io-index"
checksum = "3ad82d2a33cdc9674dc7465672f271e096168fcdbe0f799d9e6db8c5892679dc"

[[package]]
name = "xion-nft-marketplace"
version = "0.1.0"
dependencies = [
 "anyhow",
 "asset",
 "blake2",
 "cosmwasm-schema 2.3.4",
 "cosmwasm-std 2.3.4",
 "cw-address-like",
 "cw-multi-test",
 "cw-storage-plus 2.0.0",
 "cw-utils 2.0.0",
 "cw2 2.0.0",
 "cw721 0.20.0",
 "cw721-base",
 "serde",
 "serde_json",
 "thiserror 1.0.69",
]

[[package]]
name = "yoke"
version = "0.8.3"
source = "registry+https://github.com/rust-lang/crates.io-index"
checksum = "709fe23a0424b6a435d82152b1bd3fdfb0833487d5fa90d05d42762a9891fef5"
dependencies = [
 "stable_deref_trait",
 "yoke-derive",
 "zerofrom",
]

[[package]]
name = "yoke-derive"
version = "0.8.2"
source = "registry+https://github.com/rust-lang/crates.io-index"
checksum = "de844c262c8848816172cef550288e7dc6c7b7814b4ee56b3e1553f275f1858e"
dependencies = [
 "proc-macro2",
 "quote",
 "syn 2.0.119",
 "synstructure",
]

[[package]]
name = "zerocopy"
version = "0.8.56"
source = "registry+https://github.com/rust-lang/crates.io-index"
checksum = "556764e583adb45a9f8d413c2a147fa7e8d821e48e12b14fd560b607998b75eb"
dependencies = [
 "zerocopy-derive",
]

[[package]]
name = "zerocopy-derive"
version = "0.8.56"
source = "registry+https://github.com/rust-lang/crates.io-index"
checksum = "f2ab42fc20575779bd240faa45f94a74256f755c0fa9e89f0ede20d91d0cdfc1"
dependencies = [
 "proc-macro2",
 "quote",
 "syn 2.0.119",
]

[[package]]
name = "zerofrom"
version = "0.1.8"
source = "registry+https://github.com/rust-lang/crates.io-index"
checksum = "0ec05a11813ea801ff6d75110ad09cd0824ddba17dfe17128ea0d5f68e6c5272"
dependencies = [
 "zerofrom-derive",
]

[[package]]
name = "zerofrom-derive"
version = "0.1.7"
source = "registry+https://github.com/rust-lang/crates.io-index"
checksum = "11532158c46691caf0f2593ea8358fed6bbf68a0315e80aae9bd41fbade684a1"
dependencies = [
 "proc-macro2",
 "quote",
 "syn 2.0.119",
 "synstructure",
]

[[package]]
name = "zeroize"
version = "1.9.0"
source = "registry+https://github.com/rust-lang/crates.io-index"
checksum = "e13c156562582aa81c60cb29407084cdb54c4164760106ab78e6c5b0858cf64e"
dependencies = [
 "zeroize_derive",
]

[[package]]
name = "zeroize_derive"
version = "1.5.0"
source = "registry+https://github.com/rust-lang/crates.io-index"
checksum = "3c50655cbb0fe3fc43170059e702f1ce5e19b84cec58dc87b037a09935c2f328"
dependencies = [
 "proc-macro2",
 "quote",
 "syn 2.0.119",
]

[[package]]
name = "zerotrie"
version = "0.2.5"
source = "registry+https://github.com/rust-lang/crates.io-index"
checksum = "4ea269c3bd32f0a32c321907a2ae912ba6f4649bb0fc764a15627e99a7095a3f"
dependencies = [
 "displaydoc",
 "yoke",
 "zerofrom",
]

[[package]]
name = "zerovec"
version = "0.11.7"
source = "registry+https://github.com/rust-lang/crates.io-index"
checksum = "94b5c6b5976d66c1d703c4fd17d3f5e43c8cedaacf604961b171adc7130896d8"
dependencies = [
 "yoke",
 "zerofrom",
 "zerovec-derive",
]

[[package]]
name = "zerovec-derive"
version = "0.11.5"
source = "registry+https://github.com/rust-lang/crates.io-index"
checksum = "9f212a141d820099d57ffafb9569be9617a6f27d3dc881fbee8fb56642f917a9"
dependencies = [
 "proc-macro2",
 "quote",
 "syn 3.0.3",
]

[[package]]
name = "zmij"
version = "1.0.23"
source = "registry+https://github.com/rust-lang/crates.io-index"
checksum = "29666d0abbfad1e3dc4dcf6144730dd3a3ab225bbbdac83319345b1b44ccfc1b"
